{
    "_readme": [
        "This file locks the dependencies of your project to a known state",
        "Read more about it at https://getcomposer.org/doc/01-basic-usage.md#composer-lock-the-lock-file",
        "This file is @generated automatically"
    ],
    "content-hash": "407133711c0a130fa68cd6ffc52e38ac",
    "packages": [
        {
            "name": "kevinfiol/fuzzget",
            "version": "dev-master",
            "source": {
                "type": "git",
                "url": "https://github.com/kevinfiol/fuzzget.git",
                "reference": "a8772f38ec8510adbba391c4273d9cf67445b90e"
            },
            "dist": {
                "type": "zip",
                "url": "https://api.github.com/repos/kevinfiol/fuzzget/zipball/a8772f38ec8510adbba391c4273d9cf67445b90e",
                "reference": "a8772f38ec8510adbba391c4273d9cf67445b90e",
                "shasum": ""
            },
            "require-dev": {
                "squizlabs/php_codesniffer": "3.*"
            },
            "type": "library",
            "autoload": {
                "psr-4": {
                    "kevinfiol\\fuzzget\\": "src/"
                }
            },
            "notification-url": "https://packagist.org/downloads/",
            "license": [
                "MIT"
            ],
            "authors": [
                {
                    "name": "Kevin Fiol",
                    "email": "fiolkevin@gmail.com"
                }
            ],
            "description": "fuzzy search an array of associative arrays",
            "time": "2017-11-01T17:33:45+00:00"
        },
        {
            "name": "loilo/fuse",
            "version": "3.2.1",
            "source": {
                "type": "git",
                "url": "https://github.com/Loilo/Fuse.git",
                "reference": "da08cf3ca1c92240e9328c81f3089154c93d08fe"
            },
            "dist": {
                "type": "zip",
                "url": "https://api.github.com/repos/Loilo/Fuse/zipball/da08cf3ca1c92240e9328c81f3089154c93d08fe",
                "reference": "da08cf3ca1c92240e9328c81f3089154c93d08fe",
                "shasum": ""
            },
            "require": {
                "php": ">= 5.6"
            },
            "require-dev": {
                "phpunit/phpunit": "^5.5"
            },
            "type": "library",
            "autoload": {
                "psr-4": {
                    "Fuse\\": "src/"
                },
                "files": [
                    "src/Bitap/matched_indices.php",
                    "src/Bitap/pattern_alphabet.php",
                    "src/Bitap/regex_search.php",
                    "src/Bitap/score.php",
                    "src/Bitap/search.php",
                    "src/Helpers/deep_value.php",
                    "src/Helpers/is_list.php"
                ]
            },
            "notification-url": "https://packagist.org/downloads/",
            "license": [
                "Apache-2.0"
            ],
            "authors": [
                {
                    "name": "Florian Reuschel",
                    "email": "florian@loilo.de"
                }
            ],
            "description": "Fuzzy search for PHP based on Bitap algorithm",
            "time": "2017-11-21T22:25:39+00:00"
        }
    ],
    "packages-dev": [],
    "aliases": [],
    "minimum-stability": "dev",
    "stability-flags": {
        "kevinfiol/fuzzget": 20
    },
    "prefer-stable": false,
    "prefer-lowest": false,
    "platform": [],
    "platform-dev": []
}
